
Microsoft Visual Studio Solution File, Format Version 12.00
# Visual Studio Version 17
VisualStudioVersion = 17.8.34330.188
MinimumVisualStudioVersion = 10.0.40219.1
Project("{9A19103F-16F7-4668-BE54-9A1E7A4F7556}") = "проба", "проба\проба.csproj", "{B5344377-8D36-438D-999F-ECC25907E340}"
EndProject
Global
	GlobalSection(SolutionConfigurationPlatforms) = preSolution
		Debug|Any CPU = Debug|Any CPU
		Release|Any CPU = Release|Any CPU
	EndGlobalSection
	GlobalSection(ProjectConfigurationPlatforms) = postSolution
		{B5344377-8D36-438D-999F-ECC25907E340}.Debug|Any CPU.ActiveCfg = Debug|Any CPU
		{B5344377-8D36-438D-999F-ECC25907E340}.Debug|Any CPU.Build.0 = Debug|Any CPU
		{B5344377-8D36-438D-999F-ECC25907E340}.Release|Any CPU.ActiveCfg = Release|Any CPU
		{B5344377-8D36-438D-999F-ECC25907E340}.Release|Any CPU.Build.0 = Release|Any CPU
	EndGlobalSection
	GlobalSection(SolutionProperties) = preSolution
		HideSolutionNode = FALSE
	EndGlobalSection
	GlobalSection(ExtensibilityGlobals) = postSolution
		SolutionGuid = {994136BB-CFD2-49ED-AD0D-9DED543A3F7C}
	EndGlobalSection
EndGlobal
